// !$*UTF8*$!
{
	archiveVersion = 1;
	classes = {
	};
	objectVersion = 48;
	objects = {

/* Begin PBXBuildFile section */
		EC74C9842339A4F400C5CE79 /* DesignSystem.framework in Frameworks */ = {isa = PBXBuildFile; fileRef = EC74C97A2339A4F400C5CE79 /* DesignSystem.framework */; };
		EC74C9892339A4F400C5CE79 /* DesignSystemTests.swift in Sources */ = {isa = PBXBuildFile; fileRef = EC74C9882339A4F400C5CE79 /* DesignSystemTests.swift */; };
		EC74C98B2339A4F400C5CE79 /* DesignSystem.h in Headers */ = {isa = PBXBuildFile; fileRef = EC74C97D2339A4F400C5CE79 /* DesignSystem.h */; settings = {ATTRIBUTES = (Public, ); }; };
		EC74C99E2339A57200C5CE79 /* DesignColours.swift in Sources */ = {isa = PBXBuildFile; fileRef = EC74C99D2339A57200C5CE79 /* DesignColours.swift */; };
		EC74C9A02339A5DE00C5CE79 /* Extensions.swift in Sources */ = {isa = PBXBuildFile; fileRef = EC74C99F2339A5DE00C5CE79 /* Extensions.swift */; };
		EC74C9A42339AA0C00C5CE79 /* DesignSystem.framework in Frameworks */ = {isa = PBXBuildFile; fileRef = EC74C97A2339A4F400C5CE79 /* DesignSystem.framework */; };
		EC74C9AD233A484000C5CE79 /* design-system-ios.podspec in Resources */ = {isa = PBXBuildFile; fileRef = EC74C9AC233A484000C5CE79 /* design-system-ios.podspec */; };
		EC74C9AF233A487B00C5CE79 /* Podfile in Resources */ = {isa = PBXBuildFile; fileRef = EC74C9AE233A487B00C5CE79 /* Podfile */; };
/* End PBXBuildFile section */

/* Begin PBXContainerItemProxy section */
		EC74C9852339A4F400C5CE79 /* PBXContainerItemProxy */ = {
			isa = PBXContainerItemProxy;
			containerPortal = EC74C9712339A4F400C5CE79 /* Project object */;
			proxyType = 1;
			remoteGlobalIDString = EC74C9792339A4F400C5CE79;
			remoteInfo = DesignSystem;
		};
/* End PBXContainerItemProxy section */

/* Begin PBXFileReference section */
		EC74C97A2339A4F400C5CE79 /* DesignSystem.framework */ = {isa = PBXFileReference; explicitFileType = wrapper.framework; includeInIndex = 0; path = DesignSystem.framework; sourceTree = BUILT_PRODUCTS_DIR; };
		EC74C97D2339A4F400C5CE79 /* DesignSystem.h */ = {isa = PBXFileReference; lastKnownFileType = sourcecode.c.h; path = DesignSystem.h; sourceTree = "<group>"; };
		EC74C97E2339A4F400C5CE79 /* Info.plist */ = {isa = PBXFileReference; lastKnownFileType = text.plist.xml; path = Info.plist; sourceTree = "<group>"; };
		EC74C9832339A4F400C5CE79 /* DesignSystemTests.xctest */ = {isa = PBXFileReference; explicitFileType = wrapper.cfbundle; includeInIndex = 0; path = DesignSystemTests.xctest; sourceTree = BUILT_PRODUCTS_DIR; };
		EC74C9882339A4F400C5CE79 /* DesignSystemTests.swift */ = {isa = PBXFileReference; lastKnownFileType = sourcecode.swift; path = DesignSystemTests.swift; sourceTree = "<group>"; };
		EC74C98A2339A4F400C5CE79 /* Info.plist */ = {isa = PBXFileReference; lastKnownFileType = text.plist.xml; path = Info.plist; sourceTree = "<group>"; };
		EC74C99D2339A57200C5CE79 /* DesignColours.swift */ = {isa = PBXFileReference; lastKnownFileType = sourcecode.swift; path = DesignColours.swift; sourceTree = "<group>"; };
		EC74C99F2339A5DE00C5CE79 /* Extensions.swift */ = {isa = PBXFileReference; lastKnownFileType = sourcecode.swift; path = Extensions.swift; sourceTree = "<group>"; };
		EC74C9AC233A484000C5CE79 /* design-system-ios.podspec */ = {isa = PBXFileReference; fileEncoding = 4; lastKnownFileType = text; path = "design-system-ios.podspec"; sourceTree = "<group>"; };
		EC74C9AE233A487B00C5CE79 /* Podfile */ = {isa = PBXFileReference; fileEncoding = 4; lastKnownFileType = text; path = Podfile; sourceTree = "<group>"; };
/* End PBXFileReference section */

/* Begin PBXFrameworksBuildPhase section */
		EC74C9772339A4F400C5CE79 /* Frameworks */ = {
			isa = PBXFrameworksBuildPhase;
			buildActionMask = 2147483647;
			files = (
				EC74C9A42339AA0C00C5CE79 /* DesignSystem.framework in Frameworks */,
			);
			runOnlyForDeploymentPostprocessing = 0;
		};
		EC74C9802339A4F400C5CE79 /* Frameworks */ = {
			isa = PBXFrameworksBuildPhase;
			buildActionMask = 2147483647;
			files = (
				EC74C9842339A4F400C5CE79 /* DesignSystem.framework in Frameworks */,
			);
			runOnlyForDeploymentPostprocessing = 0;
		};
/* End PBXFrameworksBuildPhase section */

/* Begin PBXGroup section */
		EC74C9702339A4F400C5CE79 = {
			isa = PBXGroup;
			children = (
				EC74C97C2339A4F400C5CE79 /* DesignSystem */,
				EC74C9872339A4F400C5CE79 /* DesignSystemTests */,
				EC74C97B2339A4F400C5CE79 /* Products */,
				EC74C9AC233A484000C5CE79 /* design-system-ios.podspec */,
				EC74C9AE233A487B00C5CE79 /* Podfile */,
			);
			sourceTree = "<group>";
		};
		EC74C97B2339A4F400C5CE79 /* Products */ = {
			isa = PBXGroup;
			children = (
				EC74C97A2339A4F400C5CE79 /* DesignSystem.framework */,
				EC74C9832339A4F400C5CE79 /* DesignSystemTests.xctest */,
			);
			name = Products;
			sourceTree = "<group>";
		};
		EC74C97C2339A4F400C5CE79 /* DesignSystem */ = {
			isa = PBXGroup;
			children = (
				EC74C97D2339A4F400C5CE79 /* DesignSystem.h */,
				EC74C97E2339A4F400C5CE79 /* Info.plist */,
				EC74C99D2339A57200C5CE79 /* DesignColours.swift */,
				EC74C99F2339A5DE00C5CE79 /* Extensions.swift */,
			);
			path = DesignSystem;
			sourceTree = "<group>";
		};
		EC74C9872339A4F400C5CE79 /* DesignSystemTests */ = {
			isa = PBXGroup;
			children = (
				EC74C9882339A4F400C5CE79 /* DesignSystemTests.swift */,
				EC74C98A2339A4F400C5CE79 /* Info.plist */,
			);
			path = DesignSystemTests;
			sourceTree = "<group>";
		};
/* End PBXGroup section */

/* Begin PBXHeadersBuildPhase section */
		EC74C9752339A4F400C5CE79 /* Headers */ = {
			isa = PBXHeadersBuildPhase;
			buildActionMask = 2147483647;
			files = (
				EC74C98B2339A4F400C5CE79 /* DesignSystem.h in Headers */,
			);
			runOnlyForDeploymentPostprocessing = 0;
		};
/* End PBXHeadersBuildPhase section */

/* Begin PBXNativeTarget section */
		EC74C9792339A4F400C5CE79 /* DesignSystem */ = {
			isa = PBXNativeTarget;
			buildConfigurationList = EC74C98E2339A4F400C5CE79 /* Build configuration list for PBXNativeTarget "DesignSystem" */;
			buildPhases = (
				EC74C9752339A4F400C5CE79 /* Headers */,
				EC74C9762339A4F400C5CE79 /* Sources */,
				EC74C9772339A4F400C5CE79 /* Frameworks */,
				EC74C9782339A4F400C5CE79 /* Resources */,
			);
			buildRules = (
			);
			dependencies = (
			);
			name = DesignSystem;
			productName = DesignSystem;
			productReference = EC74C97A2339A4F400C5CE79 /* DesignSystem.framework */;
			productType = "com.apple.product-type.framework";
		};
		EC74C9822339A4F400C5CE79 /* DesignSystemTests */ = {
			isa = PBXNativeTarget;
			buildConfigurationList = EC74C9912339A4F400C5CE79 /* Build configuration list for PBXNativeTarget "DesignSystemTests" */;
			buildPhases = (
				EC74C97F2339A4F400C5CE79 /* Sources */,
				EC74C9802339A4F400C5CE79 /* Frameworks */,
				EC74C9812339A4F400C5CE79 /* Resources */,
			);
			buildRules = (
			);
			dependencies = (
				EC74C9862339A4F400C5CE79 /* PBXTargetDependency */,
			);
			name = DesignSystemTests;
			productName = DesignSystemTests;
			productReference = EC74C9832339A4F400C5CE79 /* DesignSystemTests.xctest */;
			productType = "com.apple.product-type.bundle.unit-test";
		};
/* End PBXNativeTarget section */

/* Begin PBXProject section */
		EC74C9712339A4F400C5CE79 /* Project object */ = {
			isa = PBXProject;
			attributes = {
				LastSwiftUpdateCheck = 1030;
				LastUpgradeCheck = 1030;
				ORGANIZATIONNAME = PillPals;
				TargetAttributes = {
					EC74C9792339A4F400C5CE79 = {
						CreatedOnToolsVersion = 10.3;
						LastSwiftMigration = 1030;
						ProvisioningStyle = Automatic;
					};
					EC74C9822339A4F400C5CE79 = {
						CreatedOnToolsVersion = 10.3;
						ProvisioningStyle = Automatic;
					};
				};
			};
			buildConfigurationList = EC74C9742339A4F400C5CE79 /* Build configuration list for PBXProject "DesignSystem" */;
			compatibilityVersion = "Xcode 8.0";
			developmentRegion = en;
			hasScannedForEncodings = 0;
			knownRegions = (
				en,
				Base,
			);
			mainGroup = EC74C9702339A4F400C5CE79;
			productRefGroup = EC74C97B2339A4F400C5CE79 /* Products */;
			projectDirPath = "";
			projectRoot = "";
			targets = (
				EC74C9792339A4F400C5CE79 /* DesignSystem */,
				EC74C9822339A4F400C5CE79 /* DesignSystemTests */,
			);
		};
/* End PBXProject section */

/* Begin PBXResourcesBuildPhase section */
		EC74C9782339A4F400C5CE79 /* Resources */ = {
			isa = PBXResourcesBuildPhase;
			buildActionMask = 2147483647;
			files = (
				EC74C9AF233A487B00C5CE79 /* Podfile in Resources */,
				EC74C9AD233A484000C5CE79 /* design-system-ios.podspec in Resources */,
			);
			runOnlyForDeploymentPostprocessing = 0;
		};
		EC74C9812339A4F400C5CE79 /* Resources */ = {
			isa = PBXResourcesBuildPhase;
			buildActionMask = 2147483647;
			files = (
			);
			runOnlyForDeploymentPostprocessing = 0;
		};
/* End PBXResourcesBuildPhase section */

/* Begin PBXSourcesBuildPhase section */
		EC74C9762339A4F400C5CE79 /* Sources */ = {
			isa = PBXSourcesBuildPhase;
			buildActionMask = 2147483647;
			files = (
				EC74C99E2339A57200C5CE79 /* DesignColours.swift in Sources */,
				EC74C9A02339A5DE00C5CE79 /* Extensions.swift in Sources */,
			);
			runOnlyForDeploymentPostprocessing = 0;
		};
		EC74C97F2339A4F400C5CE79 /* Sources */ = {
			isa = PBXSourcesBuildPhase;
			buildActionMask = 2147483647;
			files = (
				EC74C9892339A4F400C5CE79 /* DesignSystemTests.swift in Sources */,
			);
			runOnlyForDeploymentPostprocessing = 0;
		};
/* End PBXSourcesBuildPhase section */

/* Begin PBXTargetDependency section */
		EC74C9862339A4F400C5CE79 /* PBXTargetDependency */ = {
			isa = PBXTargetDependency;
			target = EC74C9792339A4F400C5CE79 /* DesignSystem */;
			targetProxy = EC74C9852339A4F400C5CE79 /* PBXContainerItemProxy */;
		};
/* End PBXTargetDependency section */

/* Begin XCBuildConfiguration section */
		EC74C98C2339A4F400C5CE79 /* Debug */ = {
			isa = XCBuildConfiguration;
			buildSettings = {
				ALWAYS_SEARCH_USER_PATHS = NO;
				CLANG_ANALYZER_NONNULL = YES;
				CLANG_ANALYZER_NUMBER_OBJECT_CONVERSION = YES_AGGRESSIVE;
				CLANG_CXX_LANGUAGE_STANDARD = "gnu++14";
				CLANG_CXX_LIBRARY = "libc++";
				CLANG_ENABLE_MODULES = YES;
				CLANG_ENABLE_OBJC_ARC = YES;
				CLANG_ENABLE_OBJC_WEAK = YES;
				CLANG_WARN_BLOCK_CAPTURE_AUTORELEASING = YES;
				CLANG_WARN_BOOL_CONVERSION = YES;
				CLANG_WARN_COMMA = YES;
				CLANG_WARN_CONSTANT_CONVERSION = YES;
				CLANG_WARN_DEPRECATED_OBJC_IMPLEMENTATIONS = YES;
				CLANG_WARN_DIRECT_OBJC_ISA_USAGE = YES_ERROR;
				CLANG_WARN_DOCUMENTATION_COMMENTS = YES;
				CLANG_WARN_EMPTY_BODY = YES;
				CLANG_WARN_ENUM_CONVERSION = YES;
				CLANG_WARN_INFINITE_RECURSION = YES;
				CLANG_WARN_INT_CONVERSION = YES;
				CLANG_WARN_NON_LITERAL_NULL_CONVERSION = YES;
				CLANG_WARN_OBJC_IMPLICIT_RETAIN_SELF = YES;
				CLANG_WARN_OBJC_LITERAL_CONVERSION = YES;
				CLANG_WARN_OBJC_ROOT_CLASS = YES_ERROR;
				CLANG_WARN_RANGE_LOOP_ANALYSIS = YES;
				CLANG_WARN_STRICT_PROTOTYPES = YES;
				CLANG_WARN_SUSPICIOUS_MOVE = YES;
				CLANG_WARN_UNGUARDED_AVAILABILITY = YES_AGGRESSIVE;
				CLANG_WARN_UNREACHABLE_CODE = YES;
				CLANG_WARN__DUPLICATE_METHOD_MATCH = YES;
				CODE_SIGN_IDENTITY = "iPhone Developer";
				COPY_PHASE_STRIP = NO;
				CURRENT_PROJECT_VERSION = 1;
				DEBUG_INFORMATION_FORMAT = dwarf;
				ENABLE_STRICT_OBJC_MSGSEND = YES;
				ENABLE_TESTABILITY = YES;
				GCC_C_LANGUAGE_STANDARD = gnu11;
				GCC_DYNAMIC_NO_PIC = NO;
				GCC_NO_COMMON_BLOCKS = YES;
				GCC_OPTIMIZATION_LEVEL = 0;
				GCC_PREPROCESSOR_DEFINITIONS = (
					"DEBUG=1",
					"$(inherited)",
				);
				GCC_WARN_64_TO_32_BIT_CONVERSION = YES;
				GCC_WARN_ABOUT_RETURN_TYPE = YES_ERROR;
				GCC_WARN_UNDECLARED_SELECTOR = YES;
				GCC_WARN_UNINITIALIZED_AUTOS = YES_AGGRESSIVE;
				GCC_WARN_UNUSED_FUNCTION = YES;
				GCC_WARN_UNUSED_VARIABLE = YES;
				IPHONEOS_DEPLOYMENT_TARGET = 10.2;
				MTL_ENABLE_DEBUG_INFO = INCLUDE_SOURCE;
				MTL_FAST_MATH = YES;
				ONLY_ACTIVE_ARCH = YES;
				SDKROOT = iphoneos;
				SWIFT_ACTIVE_COMPILATION_CONDITIONS = DEBUG;
				SWIFT_OPTIMIZATION_LEVEL = "-Onone";
				VERSIONING_SYSTEM = "apple-generic";
				VERSION_INFO_PREFIX = "";
			};
			name = Debug;
		};
		EC74C98D2339A4F400C5CE79 /* Release */ = {
			isa = XCBuildConfiguration;
			buildSettings = {
				ALWAYS_SEARCH_USER_PATHS = NO;
				CLANG_ANALYZER_NONNULL = YES;
				CLANG_ANALYZER_NUMBER_OBJECT_CONVERSION = YES_AGGRESSIVE;
				CLANG_CXX_LANGUAGE_STANDARD = "gnu++14";
				CLANG_CXX_LIBRARY = "libc++";
				CLANG_ENABLE_MODULES = YES;
				CLANG_ENABLE_OBJC_ARC = YES;
				CLANG_ENABLE_OBJC_WEAK = YES;
				CLANG_WARN_BLOCK_CAPTURE_AUTORELEASING = YES;
				CLANG_WARN_BOOL_CONVERSION = YES;
				CLANG_WARN_COMMA = YES;
				CLANG_WARN_CONSTANT_CONVERSION = YES;
				CLANG_WARN_DEPRECATED_OBJC_IMPLEMENTATIONS = YES;
				CLANG_WARN_DIRECT_OBJC_ISA_USAGE = YES_ERROR;
				CLANG_WARN_DOCUMENTATION_COMMENTS = YES;
				CLANG_WARN_EMPTY_BODY = YES;
				CLANG_WARN_ENUM_CONVERSION = YES;
				CLANG_WARN_INFINITE_RECURSION = YES;
				CLANG_WARN_INT_CONVERSION = YES;
				CLANG_WARN_NON_LITERAL_NULL_CONVERSION = YES;
				CLANG_WARN_OBJC_IMPLICIT_RETAIN_SELF = YES;
				CLANG_WARN_OBJC_LITERAL_CONVERSION = YES;
				CLANG_WARN_OBJC_ROOT_CLASS = YES_ERROR;
				CLANG_WARN_RANGE_LOOP_ANALYSIS = YES;
				CLANG_WARN_STRICT_PROTOTYPES = YES;
				CLANG_WARN_SUSPICIOUS_MOVE = YES;
				CLANG_WARN_UNGUARDED_AVAILABILITY = YES_AGGRESSIVE;
				CLANG_WARN_UNREACHABLE_CODE = YES;
				CLANG_WARN__DUPLICATE_METHOD_MATCH = YES;
				CODE_SIGN_IDENTITY = "iPhone Developer";
				COPY_PHASE_STRIP = NO;
				CURRENT_PROJECT_VERSION = 1;
				DEBUG_INFORMATION_FORMAT = "dwarf-with-dsym";
				ENABLE_NS_ASSERTIONS = NO;
				ENABLE_STRICT_OBJC_MSGSEND = YES;
				GCC_C_LANGUAGE_STANDARD = gnu11;
				GCC_NO_COMMON_BLOCKS = YES;
				GCC_WARN_64_TO_32_BIT_CONVERSION = YES;
				GCC_WARN_ABOUT_RETURN_TYPE = YES_ERROR;
				GCC_WARN_UNDECLARED_SELECTOR = YES;
				GCC_WARN_UNINITIALIZED_AUTOS = YES_AGGRESSIVE;
				GCC_WARN_UNUSED_FUNCTION = YES;
				GCC_WARN_UNUSED_VARIABLE = YES;
				IPHONEOS_DEPLOYMENT_TARGET = 10.2;
				MTL_ENABLE_DEBUG_INFO = NO;
				MTL_FAST_MATH = YES;
				SDKROOT = iphoneos;
				SWIFT_OPTIMIZATION_LEVEL = "-Owholemodule";
				VALIDATE_PRODUCT = YES;
				VERSIONING_SYSTEM = "apple-generic";
				VERSION_INFO_PREFIX = "";
			};
			name = Release;
		};
		EC74C98F2339A4F400C5CE79 /* Debug */ = {
			isa = XCBuildConfiguration;
			buildSettings = {
				CLANG_ENABLE_MODULES = YES;
				CODE_SIGN_IDENTITY = "";
				CODE_SIGN_STYLE = Automatic;
				DEFINES_MODULE = YES;
				DEVELOPMENT_TEAM = B6G37G32MJ;
				DYLIB_COMPATIBILITY_VERSION = 1;
				DYLIB_CURRENT_VERSION = 1;
				DYLIB_INSTALL_NAME_BASE = "@rpath";
				INFOPLIST_FILE = DesignSystem/Info.plist;
				INSTALL_PATH = "$(LOCAL_LIBRARY_DIR)/Frameworks";
				IPHONEOS_DEPLOYMENT_TARGET = 10.2;
				LD_RUNPATH_SEARCH_PATHS = "$(inherited) @executable_path/Frameworks @loader_path/Frameworks";
				PRODUCT_BUNDLE_IDENTIFIER = com.pillpals.DesignSystem;
				PRODUCT_NAME = "$(TARGET_NAME:c99extidentifier)";
				SKIP_INSTALL = YES;
				SWIFT_OPTIMIZATION_LEVEL = "-Onone";
				SWIFT_VERSION = 5.0;
				TARGETED_DEVICE_FAMILY = "1,2";
			};
			name = Debug;
		};
		EC74C9902339A4F400C5CE79 /* Release */ = {
			isa = XCBuildConfiguration;
			buildSettings = {
				CLANG_ENABLE_MODULES = YES;
				CODE_SIGN_IDENTITY = "";
				CODE_SIGN_STYLE = Automatic;
				DEFINES_MODULE = YES;
				DEVELOPMENT_TEAM = B6G37G32MJ;
				DYLIB_COMPATIBILITY_VERSION = 1;
				DYLIB_CURRENT_VERSION = 1;
				DYLIB_INSTALL_NAME_BASE = "@rpath";
				INFOPLIST_FILE = DesignSystem/Info.plist;
				INSTALL_PATH = "$(LOCAL_LIBRARY_DIR)/Frameworks";
				IPHONEOS_DEPLOYMENT_TARGET = 10.2;
				LD_RUNPATH_SEARCH_PATHS = "$(inherited) @executable_path/Frameworks @loader_path/Frameworks";
				PRODUCT_BUNDLE_IDENTIFIER = com.pillpals.DesignSystem;
				PRODUCT_NAME = "$(TARGET_NAME:c99extidentifier)";
				SKIP_INSTALL = YES;
				SWIFT_VERSION = 5.0;
				TARGETED_DEVICE_FAMILY = "1,2";
			};
			name = Release;
		};
		EC74C9922339A4F400C5CE79 /* Debug */ = {
			isa = XCBuildConfiguration;
			buildSettings = {
				ALWAYS_EMBED_SWIFT_STANDARD_LIBRARIES = YES;
				CODE_SIGN_STYLE = Automatic;
				DEVELOPMENT_TEAM = B6G37G32MJ;
				INFOPLIST_FILE = DesignSystemTests/Info.plist;
				LD_RUNPATH_SEARCH_PATHS = "$(inherited) @executable_path/Frameworks @loader_path/Frameworks";
				PRODUCT_BUNDLE_IDENTIFIER = com.pillpals.DesignSystemTests;
				PRODUCT_NAME = "$(TARGET_NAME)";
				SWIFT_VERSION = 5.0;
				TARGETED_DEVICE_FAMILY = "1,2";
			};
			name = Debug;
		};
		EC74C9932339A4F400C5CE79 /* Release */ = {
			isa = XCBuildConfiguration;
			buildSettings = {
				ALWAYS_EMBED_SWIFT_STANDARD_LIBRARIES = YES;
				CODE_SIGN_STYLE = Automatic;
				DEVELOPMENT_TEAM = B6G37G32MJ;
				INFOPLIST_FILE = DesignSystemTests/Info.plist;
				LD_RUNPATH_SEARCH_PATHS = "$(inherited) @executable_path/Frameworks @loader_path/Frameworks";
				PRODUCT_BUNDLE_IDENTIFIER = com.pillpals.DesignSystemTests;
				PRODUCT_NAME = "$(TARGET_NAME)";
				SWIFT_VERSION = 5.0;
				TARGETED_DEVICE_FAMILY = "1,2";
			};
			name = Release;
		};
/* End XCBuildConfiguration section */

/* Begin XCConfigurationList section */
		EC74C9742339A4F400C5CE79 /* Build configuration list for PBXProject "DesignSystem" */ = {
			isa = XCConfigurationList;
			buildConfigurations = (
				EC74C98C2339A4F400C5CE79 /* Debug */,
				EC74C98D2339A4F400C5CE79 /* Release */,
			);
			defaultConfigurationIsVisible = 0;
			defaultConfigurationName = Release;
		};
		EC74C98E2339A4F400C5CE79 /* Build configuration list for PBXNativeTarget "DesignSystem" */ = {
			isa = XCConfigurationList;
			buildConfigurations = (
				EC74C98F2339A4F400C5CE79 /* Debug */,
				EC74C9902339A4F400C5CE79 /* Release */,
			);
			defaultConfigurationIsVisible = 0;
			defaultConfigurationName = Release;
		};
		EC74C9912339A4F400C5CE79 /* Build configuration list for PBXNativeTarget "DesignSystemTests" */ = {
			isa = XCConfigurationList;
			buildConfigurations = (
				EC74C9922339A4F400C5CE79 /* Debug */,
				EC74C9932339A4F400C5CE79 /* Release */,
			);
			defaultConfigurationIsVisible = 0;
			defaultConfigurationName = Release;
		};
/* End XCConfigurationList section */
	};
	rootObject = EC74C9712339A4F400C5CE79 /* Project object */;
}
